// !$*UTF8*$!
{
	archiveVersion = 1;
	classes = {
	};
	objectVersion = 50;
	objects = {

/* Begin PBXBuildFile section */
		71134D3021F87AC200D4A78F /* LaunchScreen.storyboard in Resources */ = {isa = PBXBuildFile; fileRef = 71134D2E21F87AC200D4A78F /* LaunchScreen.storyboard */; };
		717E205721F88FBD000939A4 /* ConversionInteractionProtocol.swift in Sources */ = {isa = PBXBuildFile; fileRef = 717E205621F88FBD000939A4 /* ConversionInteractionProtocol.swift */; };
		717E205921F88FE9000939A4 /* ConversionPresentationProtocol.swift in Sources */ = {isa = PBXBuildFile; fileRef = 717E205821F88FE9000939A4 /* ConversionPresentationProtocol.swift */; };
		717E205E21FFC1C5000939A4 /* Currency.swift in Sources */ = {isa = PBXBuildFile; fileRef = 717E205D21FFC1C5000939A4 /* Currency.swift */; };
		717E206021FFC1FF000939A4 /* Conversion.swift in Sources */ = {isa = PBXBuildFile; fileRef = 717E205F21FFC1FF000939A4 /* Conversion.swift */; };
		717E206221FFC461000939A4 /* ConversionInteractor.swift in Sources */ = {isa = PBXBuildFile; fileRef = 717E206121FFC461000939A4 /* ConversionInteractor.swift */; };
		717E206521FFCBBB000939A4 /* ConversionService.swift in Sources */ = {isa = PBXBuildFile; fileRef = 717E206421FFCBBB000939A4 /* ConversionService.swift */; };
		717E20672200708D000939A4 /* ConversionViewControllerProtocol.swift in Sources */ = {isa = PBXBuildFile; fileRef = 717E20662200708D000939A4 /* ConversionViewControllerProtocol.swift */; };
		717E20692200710A000939A4 /* ConversionPresenter.swift in Sources */ = {isa = PBXBuildFile; fileRef = 717E20682200710A000939A4 /* ConversionPresenter.swift */; };
		71CD389A21F87682001CAFA1 /* AppDelegate.swift in Sources */ = {isa = PBXBuildFile; fileRef = 71CD389921F87682001CAFA1 /* AppDelegate.swift */; };
/* End PBXBuildFile section */

/* Begin PBXFileReference section */
		71134D2E21F87AC200D4A78F /* LaunchScreen.storyboard */ = {isa = PBXFileReference; fileEncoding = 4; lastKnownFileType = file.storyboard; path = LaunchScreen.storyboard; sourceTree = "<group>"; };
		71134D2F21F87AC200D4A78F /* Info.plist */ = {isa = PBXFileReference; fileEncoding = 4; lastKnownFileType = text.plist.xml; path = Info.plist; sourceTree = "<group>"; };
		717E205621F88FBD000939A4 /* ConversionInteractionProtocol.swift */ = {isa = PBXFileReference; lastKnownFileType = sourcecode.swift; path = ConversionInteractionProtocol.swift; sourceTree = "<group>"; };
		717E205821F88FE9000939A4 /* ConversionPresentationProtocol.swift */ = {isa = PBXFileReference; lastKnownFileType = sourcecode.swift; path = ConversionPresentationProtocol.swift; sourceTree = "<group>"; };
		717E205D21FFC1C5000939A4 /* Currency.swift */ = {isa = PBXFileReference; lastKnownFileType = sourcecode.swift; path = Currency.swift; sourceTree = "<group>"; };
		717E205F21FFC1FF000939A4 /* Conversion.swift */ = {isa = PBXFileReference; lastKnownFileType = sourcecode.swift; path = Conversion.swift; sourceTree = "<group>"; };
		717E206121FFC461000939A4 /* ConversionInteractor.swift */ = {isa = PBXFileReference; lastKnownFileType = sourcecode.swift; path = ConversionInteractor.swift; sourceTree = "<group>"; };
		717E206421FFCBBB000939A4 /* ConversionService.swift */ = {isa = PBXFileReference; lastKnownFileType = sourcecode.swift; path = ConversionService.swift; sourceTree = "<group>"; };
		717E20662200708D000939A4 /* ConversionViewControllerProtocol.swift */ = {isa = PBXFileReference; lastKnownFileType = sourcecode.swift; path = ConversionViewControllerProtocol.swift; sourceTree = "<group>"; };
		717E20682200710A000939A4 /* ConversionPresenter.swift */ = {isa = PBXFileReference; lastKnownFileType = sourcecode.swift; path = ConversionPresenter.swift; sourceTree = "<group>"; };
		71CD389621F87682001CAFA1 /* Recurrency.app */ = {isa = PBXFileReference; explicitFileType = wrapper.application; includeInIndex = 0; path = Recurrency.app; sourceTree = BUILT_PRODUCTS_DIR; };
		71CD389921F87682001CAFA1 /* AppDelegate.swift */ = {isa = PBXFileReference; lastKnownFileType = sourcecode.swift; path = AppDelegate.swift; sourceTree = "<group>"; };
/* End PBXFileReference section */

/* Begin PBXFrameworksBuildPhase section */
		71CD389321F87682001CAFA1 /* Frameworks */ = {
			isa = PBXFrameworksBuildPhase;
			buildActionMask = 2147483647;
			files = (
			);
			runOnlyForDeploymentPostprocessing = 0;
		};
/* End PBXFrameworksBuildPhase section */

/* Begin PBXGroup section */
		71134D2D21F87AC200D4A78F /* Resources */ = {
			isa = PBXGroup;
			children = (
				71134D2E21F87AC200D4A78F /* LaunchScreen.storyboard */,
				71134D2F21F87AC200D4A78F /* Info.plist */,
			);
			path = Resources;
			sourceTree = "<group>";
		};
		717E204C21F88DEF000939A4 /* Modules */ = {
			isa = PBXGroup;
			children = (
				717E204D21F88DFB000939A4 /* Conversion */,
			);
			path = Modules;
			sourceTree = "<group>";
		};
		717E204D21F88DFB000939A4 /* Conversion */ = {
			isa = PBXGroup;
			children = (
				717E204E21F88EB4000939A4 /* Interaction */,
				717E204F21F88EBB000939A4 /* Presentation */,
			);
			path = Conversion;
			sourceTree = "<group>";
		};
		717E204E21F88EB4000939A4 /* Interaction */ = {
			isa = PBXGroup;
			children = (
				717E205621F88FBD000939A4 /* ConversionInteractionProtocol.swift */,
				717E206121FFC461000939A4 /* ConversionInteractor.swift */,
			);
			path = Interaction;
			sourceTree = "<group>";
		};
		717E204F21F88EBB000939A4 /* Presentation */ = {
			isa = PBXGroup;
			children = (
				717E205821F88FE9000939A4 /* ConversionPresentationProtocol.swift */,
				717E20682200710A000939A4 /* ConversionPresenter.swift */,
				717E20662200708D000939A4 /* ConversionViewControllerProtocol.swift */,
			);
			path = Presentation;
			sourceTree = "<group>";
		};
		717E205C21FFC1B4000939A4 /* Entities */ = {
			isa = PBXGroup;
			children = (
				717E205D21FFC1C5000939A4 /* Currency.swift */,
				717E205F21FFC1FF000939A4 /* Conversion.swift */,
			);
			path = Entities;
			sourceTree = "<group>";
		};
		717E206321FFCB90000939A4 /* Services */ = {
			isa = PBXGroup;
			children = (
				717E206421FFCBBB000939A4 /* ConversionService.swift */,
			);
			path = Services;
			sourceTree = "<group>";
		};
		71CD388D21F87682001CAFA1 = {
			isa = PBXGroup;
			children = (
				71CD389821F87682001CAFA1 /* Recurrency */,
				71CD389721F87682001CAFA1 /* Products */,
			);
			sourceTree = "<group>";
		};
		71CD389721F87682001CAFA1 /* Products */ = {
			isa = PBXGroup;
			children = (
				71CD389621F87682001CAFA1 /* Recurrency.app */,
			);
			name = Products;
			sourceTree = "<group>";
		};
		71CD389821F87682001CAFA1 /* Recurrency */ = {
			isa = PBXGroup;
			children = (
				71CD389921F87682001CAFA1 /* AppDelegate.swift */,
				717E205C21FFC1B4000939A4 /* Entities */,
				717E206321FFCB90000939A4 /* Services */,
				717E204C21F88DEF000939A4 /* Modules */,
				71134D2D21F87AC200D4A78F /* Resources */,
			);
			path = Recurrency;
			sourceTree = "<group>";
		};
/* End PBXGroup section */

/* Begin PBXNativeTarget section */
		71CD389521F87682001CAFA1 /* Recurrency */ = {
			isa = PBXNativeTarget;
			buildConfigurationList = 71CD38A821F87683001CAFA1 /* Build configuration list for PBXNativeTarget "Recurrency" */;
			buildPhases = (
				71CD389221F87682001CAFA1 /* Sources */,
				71CD389321F87682001CAFA1 /* Frameworks */,
				71CD389421F87682001CAFA1 /* Resources */,
			);
			buildRules = (
			);
			dependencies = (
			);
			name = Recurrency;
			productName = Recurrency;
			productReference = 71CD389621F87682001CAFA1 /* Recurrency.app */;
			productType = "com.apple.product-type.application";
		};
/* End PBXNativeTarget section */

/* Begin PBXProject section */
		71CD388E21F87682001CAFA1 /* Project object */ = {
			isa = PBXProject;
			attributes = {
				LastSwiftUpdateCheck = 1010;
				LastUpgradeCheck = 1010;
				ORGANIZATIONNAME = "Andrew Koslow";
				TargetAttributes = {
					71CD389521F87682001CAFA1 = {
						CreatedOnToolsVersion = 10.1;
					};
				};
			};
			buildConfigurationList = 71CD389121F87682001CAFA1 /* Build configuration list for PBXProject "Recurrency" */;
			compatibilityVersion = "Xcode 9.3";
			developmentRegion = en;
			hasScannedForEncodings = 0;
			knownRegions = (
				Base,
			);
			mainGroup = 71CD388D21F87682001CAFA1;
			productRefGroup = 71CD389721F87682001CAFA1 /* Products */;
			projectDirPath = "";
			projectRoot = "";
			targets = (
				71CD389521F87682001CAFA1 /* Recurrency */,
			);
		};
/* End PBXProject section */

/* Begin PBXResourcesBuildPhase section */
		71CD389421F87682001CAFA1 /* Resources */ = {
			isa = PBXResourcesBuildPhase;
			buildActionMask = 2147483647;
			files = (
				71134D3021F87AC200D4A78F /* LaunchScreen.storyboard in Resources */,
			);
			runOnlyForDeploymentPostprocessing = 0;
		};
/* End PBXResourcesBuildPhase section */

/* Begin PBXSourcesBuildPhase section */
		71CD389221F87682001CAFA1 /* Sources */ = {
			isa = PBXSourcesBuildPhase;
			buildActionMask = 2147483647;
			files = (
				717E20672200708D000939A4 /* ConversionViewControllerProtocol.swift in Sources */,
				717E206521FFCBBB000939A4 /* ConversionService.swift in Sources */,
				717E205E21FFC1C5000939A4 /* Currency.swift in Sources */,
				717E206221FFC461000939A4 /* ConversionInteractor.swift in Sources */,
				717E206021FFC1FF000939A4 /* Conversion.swift in Sources */,
				717E20692200710A000939A4 /* ConversionPresenter.swift in Sources */,
				717E205921F88FE9000939A4 /* ConversionPresentationProtocol.swift in Sources */,
				717E205721F88FBD000939A4 /* ConversionInteractionProtocol.swift in Sources */,
				71CD389A21F87682001CAFA1 /* AppDelegate.swift in Sources */,
			);
			runOnlyForDeploymentPostprocessing = 0;
		};
/* End PBXSourcesBuildPhase section */

/* Begin XCBuildConfiguration section */
		71CD38A621F87683001CAFA1 /* Debug */ = {
			isa = XCBuildConfiguration;
			buildSettings = {
				ALWAYS_SEARCH_USER_PATHS = NO;
				CLANG_ANALYZER_NONNULL = YES;
				CLANG_ANALYZER_NUMBER_OBJECT_CONVERSION = YES_AGGRESSIVE;
				CLANG_CXX_LANGUAGE_STANDARD = "gnu++14";
				CLANG_CXX_LIBRARY = "libc++";
				CLANG_ENABLE_MODULES = YES;
				CLANG_ENABLE_OBJC_ARC = YES;
				CLANG_ENABLE_OBJC_WEAK = YES;
				CLANG_WARN_BLOCK_CAPTURE_AUTORELEASING = YES;
				CLANG_WARN_BOOL_CONVERSION = YES;
				CLANG_WARN_COMMA = YES;
				CLANG_WARN_CONSTANT_CONVERSION = YES;
				CLANG_WARN_DEPRECATED_OBJC_IMPLEMENTATIONS = YES;
				CLANG_WARN_DIRECT_OBJC_ISA_USAGE = YES_ERROR;
				CLANG_WARN_DOCUMENTATION_COMMENTS = YES;
				CLANG_WARN_EMPTY_BODY = YES;
				CLANG_WARN_ENUM_CONVERSION = YES;
				CLANG_WARN_INFINITE_RECURSION = YES;
				CLANG_WARN_INT_CONVERSION = YES;
				CLANG_WARN_NON_LITERAL_NULL_CONVERSION = YES;
				CLANG_WARN_OBJC_IMPLICIT_RETAIN_SELF = YES;
				CLANG_WARN_OBJC_LITERAL_CONVERSION = YES;
				CLANG_WARN_OBJC_ROOT_CLASS = YES_ERROR;
				CLANG_WARN_RANGE_LOOP_ANALYSIS = YES;
				CLANG_WARN_STRICT_PROTOTYPES = YES;
				CLANG_WARN_SUSPICIOUS_MOVE = YES;
				CLANG_WARN_UNGUARDED_AVAILABILITY = YES_AGGRESSIVE;
				CLANG_WARN_UNREACHABLE_CODE = YES;
				CLANG_WARN__DUPLICATE_METHOD_MATCH = YES;
				CODE_SIGN_IDENTITY = "iPhone Developer";
				COPY_PHASE_STRIP = NO;
				DEBUG_INFORMATION_FORMAT = dwarf;
				ENABLE_STRICT_OBJC_MSGSEND = YES;
				ENABLE_TESTABILITY = YES;
				GCC_C_LANGUAGE_STANDARD = gnu11;
				GCC_DYNAMIC_NO_PIC = NO;
				GCC_NO_COMMON_BLOCKS = YES;
				GCC_OPTIMIZATION_LEVEL = 0;
				GCC_PREPROCESSOR_DEFINITIONS = (
					"DEBUG=1",
					"$(inherited)",
				);
				GCC_WARN_64_TO_32_BIT_CONVERSION = YES;
				GCC_WARN_ABOUT_RETURN_TYPE = YES_ERROR;
				GCC_WARN_UNDECLARED_SELECTOR = YES;
				GCC_WARN_UNINITIALIZED_AUTOS = YES_AGGRESSIVE;
				GCC_WARN_UNUSED_FUNCTION = YES;
				GCC_WARN_UNUSED_VARIABLE = YES;
				IPHONEOS_DEPLOYMENT_TARGET = 12.1;
				MTL_ENABLE_DEBUG_INFO = INCLUDE_SOURCE;
				MTL_FAST_MATH = YES;
				ONLY_ACTIVE_ARCH = YES;
				SDKROOT = iphoneos;
				SWIFT_ACTIVE_COMPILATION_CONDITIONS = DEBUG;
				SWIFT_OPTIMIZATION_LEVEL = "-Onone";
			};
			name = Debug;
		};
		71CD38A721F87683001CAFA1 /* Release */ = {
			isa = XCBuildConfiguration;
			buildSettings = {
				ALWAYS_SEARCH_USER_PATHS = NO;
				CLANG_ANALYZER_NONNULL = YES;
				CLANG_ANALYZER_NUMBER_OBJECT_CONVERSION = YES_AGGRESSIVE;
				CLANG_CXX_LANGUAGE_STANDARD = "gnu++14";
				CLANG_CXX_LIBRARY = "libc++";
				CLANG_ENABLE_MODULES = YES;
				CLANG_ENABLE_OBJC_ARC = YES;
				CLANG_ENABLE_OBJC_WEAK = YES;
				CLANG_WARN_BLOCK_CAPTURE_AUTORELEASING = YES;
				CLANG_WARN_BOOL_CONVERSION = YES;
				CLANG_WARN_COMMA = YES;
				CLANG_WARN_CONSTANT_CONVERSION = YES;
				CLANG_WARN_DEPRECATED_OBJC_IMPLEMENTATIONS = YES;
				CLANG_WARN_DIRECT_OBJC_ISA_USAGE = YES_ERROR;
				CLANG_WARN_DOCUMENTATION_COMMENTS = YES;
				CLANG_WARN_EMPTY_BODY = YES;
				CLANG_WARN_ENUM_CONVERSION = YES;
				CLANG_WARN_INFINITE_RECURSION = YES;
				CLANG_WARN_INT_CONVERSION = YES;
				CLANG_WARN_NON_LITERAL_NULL_CONVERSION = YES;
				CLANG_WARN_OBJC_IMPLICIT_RETAIN_SELF = YES;
				CLANG_WARN_OBJC_LITERAL_CONVERSION = YES;
				CLANG_WARN_OBJC_ROOT_CLASS = YES_ERROR;
				CLANG_WARN_RANGE_LOOP_ANALYSIS = YES;
				CLANG_WARN_STRICT_PROTOTYPES = YES;
				CLANG_WARN_SUSPICIOUS_MOVE = YES;
				CLANG_WARN_UNGUARDED_AVAILABILITY = YES_AGGRESSIVE;
				CLANG_WARN_UNREACHABLE_CODE = YES;
				CLANG_WARN__DUPLICATE_METHOD_MATCH = YES;
				CODE_SIGN_IDENTITY = "iPhone Developer";
				COPY_PHASE_STRIP = NO;
				DEBUG_INFORMATION_FORMAT = "dwarf-with-dsym";
				ENABLE_NS_ASSERTIONS = NO;
				ENABLE_STRICT_OBJC_MSGSEND = YES;
				GCC_C_LANGUAGE_STANDARD = gnu11;
				GCC_NO_COMMON_BLOCKS = YES;
				GCC_WARN_64_TO_32_BIT_CONVERSION = YES;
				GCC_WARN_ABOUT_RETURN_TYPE = YES_ERROR;
				GCC_WARN_UNDECLARED_SELECTOR = YES;
				GCC_WARN_UNINITIALIZED_AUTOS = YES_AGGRESSIVE;
				GCC_WARN_UNUSED_FUNCTION = YES;
				GCC_WARN_UNUSED_VARIABLE = YES;
				IPHONEOS_DEPLOYMENT_TARGET = 12.1;
				MTL_ENABLE_DEBUG_INFO = NO;
				MTL_FAST_MATH = YES;
				SDKROOT = iphoneos;
				SWIFT_COMPILATION_MODE = wholemodule;
				SWIFT_OPTIMIZATION_LEVEL = "-O";
				VALIDATE_PRODUCT = YES;
			};
			name = Release;
		};
		71CD38A921F87683001CAFA1 /* Debug */ = {
			isa = XCBuildConfiguration;
			buildSettings = {
				CODE_SIGN_STYLE = Automatic;
				DEVELOPMENT_TEAM = "";
				INFOPLIST_FILE = Recurrency/Resources/Info.plist;
				LD_RUNPATH_SEARCH_PATHS = (
					"$(inherited)",
					"@executable_path/Frameworks",
				);
				PRODUCT_BUNDLE_IDENTIFIER = ru.andrewkoslow.recurrency;
				PRODUCT_NAME = "$(TARGET_NAME)";
				SWIFT_VERSION = 4.2;
				TARGETED_DEVICE_FAMILY = 1;
			};
			name = Debug;
		};
		71CD38AA21F87683001CAFA1 /* Release */ = {
			isa = XCBuildConfiguration;
			buildSettings = {
				CODE_SIGN_STYLE = Automatic;
				DEVELOPMENT_TEAM = "";
				INFOPLIST_FILE = Recurrency/Resources/Info.plist;
				LD_RUNPATH_SEARCH_PATHS = (
					"$(inherited)",
					"@executable_path/Frameworks",
				);
				PRODUCT_BUNDLE_IDENTIFIER = ru.andrewkoslow.recurrency;
				PRODUCT_NAME = "$(TARGET_NAME)";
				SWIFT_VERSION = 4.2;
				TARGETED_DEVICE_FAMILY = 1;
			};
			name = Release;
		};
/* End XCBuildConfiguration section */

/* Begin XCConfigurationList section */
		71CD389121F87682001CAFA1 /* Build configuration list for PBXProject "Recurrency" */ = {
			isa = XCConfigurationList;
			buildConfigurations = (
				71CD38A621F87683001CAFA1 /* Debug */,
				71CD38A721F87683001CAFA1 /* Release */,
			);
			defaultConfigurationIsVisible = 0;
			defaultConfigurationName = Release;
		};
		71CD38A821F87683001CAFA1 /* Build configuration list for PBXNativeTarget "Recurrency" */ = {
			isa = XCConfigurationList;
			buildConfigurations = (
				71CD38A921F87683001CAFA1 /* Debug */,
				71CD38AA21F87683001CAFA1 /* Release */,
			);
			defaultConfigurationIsVisible = 0;
			defaultConfigurationName = Release;
		};
/* End XCConfigurationList section */
	};
	rootObject = 71CD388E21F87682001CAFA1 /* Project object */;
}
